
Microsoft Visual Studio Solution File, Format Version 12.00
# Visual Studio Version 17
VisualStudioVersion = 17.14.36414.22 d17.14
MinimumVisualStudioVersion = 10.0.40219.1
Project("{FAE04EC0-301F-11D3-BF4B-00C04F79EFBC}") = "Demoo", "Demoo\Demoo.csproj", "{EFB2DE29-93A5-4612-9B26-789029379060}"
EndProject
Global
	GlobalSection(SolutionConfigurationPlatforms) = preSolution
		Debug|Any CPU = Debug|Any CPU
		Release|Any CPU = Release|Any CPU
	EndGlobalSection
	GlobalSection(ProjectConfigurationPlatforms) = postSolution
		{EFB2DE29-93A5-4612-9B26-789029379060}.Debug|Any CPU.ActiveCfg = Debug|Any CPU
		{EFB2DE29-93A5-4612-9B26-789029379060}.Debug|Any CPU.Build.0 = Debug|Any CPU
		{EFB2DE29-93A5-4612-9B26-789029379060}.Release|Any CPU.ActiveCfg = Release|Any CPU
		{EFB2DE29-93A5-4612-9B26-789029379060}.Release|Any CPU.Build.0 = Release|Any CPU
	EndGlobalSection
	GlobalSection(SolutionProperties) = preSolution
		HideSolutionNode = FALSE
	EndGlobalSection
	GlobalSection(ExtensibilityGlobals) = postSolution
		SolutionGuid = {F6BC671A-7E03-4545-946D-E5E44F1AF203}
	EndGlobalSection
EndGlobal
